// !$*UTF8*$!
{
	archiveVersion = 1;
	classes = {
	};
	objectVersion = 46;
	objects = {

/* Begin PBXBuildFile section */
		2480FA76191EC961002158C9 /* Cocoa.framework in Frameworks */ = {isa = PBXBuildFile; fileRef = 2480FA75191EC961002158C9 /* Cocoa.framework */; };
		2480FA80191EC961002158C9 /* InfoPlist.strings in Resources */ = {isa = PBXBuildFile; fileRef = 2480FA7E191EC961002158C9 /* InfoPlist.strings */; };
		2480FA82191EC961002158C9 /* main.m in Sources */ = {isa = PBXBuildFile; fileRef = 2480FA81191EC961002158C9 /* main.m */; };
		2480FA86191EC961002158C9 /* Credits.rtf in Resources */ = {isa = PBXBuildFile; fileRef = 2480FA84191EC961002158C9 /* Credits.rtf */; };
		2480FA89191EC961002158C9 /* AppDelegate.m in Sources */ = {isa = PBXBuildFile; fileRef = 2480FA88191EC961002158C9 /* AppDelegate.m */; };
		2480FA8C191EC961002158C9 /* MainMenu.xib in Resources */ = {isa = PBXBuildFile; fileRef = 2480FA8A191EC961002158C9 /* MainMenu.xib */; };
		2480FA8E191EC961002158C9 /* Images.xcassets in Resources */ = {isa = PBXBuildFile; fileRef = 2480FA8D191EC961002158C9 /* Images.xcassets */; };
		2480FA95191EC961002158C9 /* XCTest.framework in Frameworks */ = {isa = PBXBuildFile; fileRef = 2480FA94191EC961002158C9 /* XCTest.framework */; };
		2480FA96191EC961002158C9 /* Cocoa.framework in Frameworks */ = {isa = PBXBuildFile; fileRef = 2480FA75191EC961002158C9 /* Cocoa.framework */; };
		2480FA9E191EC961002158C9 /* InfoPlist.strings in Resources */ = {isa = PBXBuildFile; fileRef = 2480FA9C191EC961002158C9 /* InfoPlist.strings */; };
		2480FAA0191EC961002158C9 /* DSSparseArrayTests.m in Sources */ = {isa = PBXBuildFile; fileRef = 2480FA9F191EC961002158C9 /* DSSparseArrayTests.m */; };
		2480FAAB191EC9CB002158C9 /* DSSparseArray.m in Sources */ = {isa = PBXBuildFile; fileRef = 2480FAAA191EC9CB002158C9 /* DSSparseArray.m */; };
		24B2218E192B66F800AC6826 /* DSSparseArrayEnumerator.m in Sources */ = {isa = PBXBuildFile; fileRef = 24B2218D192B66F800AC6826 /* DSSparseArrayEnumerator.m */; };
/* End PBXBuildFile section */

/* Begin PBXContainerItemProxy section */
		2480FA97191EC961002158C9 /* PBXContainerItemProxy */ = {
			isa = PBXContainerItemProxy;
			containerPortal = 2480FA6A191EC960002158C9 /* Project object */;
			proxyType = 1;
			remoteGlobalIDString = 2480FA71191EC960002158C9;
			remoteInfo = DSSparseArray;
		};
/* End PBXContainerItemProxy section */

/* Begin PBXFileReference section */
		24191A7D1931134400F389CB /* README.md */ = {isa = PBXFileReference; lastKnownFileType = text; path = README.md; sourceTree = "<group>"; };
		2453F55D192867DD009AA13F /* DSSparseArray.md */ = {isa = PBXFileReference; explicitFileType = text; fileEncoding = 4; path = DSSparseArray.md; sourceTree = "<group>"; };
		2453F55F1929ADFB009AA13F /* DSMutableSparseArray.md */ = {isa = PBXFileReference; explicitFileType = text; path = DSMutableSparseArray.md; sourceTree = "<group>"; };
		2480FA72191EC961002158C9 /* DSSparseArray.app */ = {isa = PBXFileReference; explicitFileType = wrapper.application; includeInIndex = 0; path = DSSparseArray.app; sourceTree = BUILT_PRODUCTS_DIR; };
		2480FA75191EC961002158C9 /* Cocoa.framework */ = {isa = PBXFileReference; lastKnownFileType = wrapper.framework; name = Cocoa.framework; path = System/Library/Frameworks/Cocoa.framework; sourceTree = SDKROOT; };
		2480FA78191EC961002158C9 /* AppKit.framework */ = {isa = PBXFileReference; lastKnownFileType = wrapper.framework; name = AppKit.framework; path = System/Library/Frameworks/AppKit.framework; sourceTree = SDKROOT; };
		2480FA79191EC961002158C9 /* CoreData.framework */ = {isa = PBXFileReference; lastKnownFileType = wrapper.framework; name = CoreData.framework; path = System/Library/Frameworks/CoreData.framework; sourceTree = SDKROOT; };
		2480FA7A191EC961002158C9 /* Foundation.framework */ = {isa = PBXFileReference; lastKnownFileType = wrapper.framework; name = Foundation.framework; path = System/Library/Frameworks/Foundation.framework; sourceTree = SDKROOT; };
		2480FA7D191EC961002158C9 /* DSSparseArray-Info.plist */ = {isa = PBXFileReference; lastKnownFileType = text.plist.xml; path = "DSSparseArray-Info.plist"; sourceTree = "<group>"; };
		2480FA7F191EC961002158C9 /* en */ = {isa = PBXFileReference; lastKnownFileType = text.plist.strings; name = en; path = en.lproj/InfoPlist.strings; sourceTree = "<group>"; };
		2480FA81191EC961002158C9 /* main.m */ = {isa = PBXFileReference; lastKnownFileType = sourcecode.c.objc; path = main.m; sourceTree = "<group>"; };
		2480FA83191EC961002158C9 /* DSSparseArray-Prefix.pch */ = {isa = PBXFileReference; lastKnownFileType = sourcecode.c.h; path = "DSSparseArray-Prefix.pch"; sourceTree = "<group>"; };
		2480FA85191EC961002158C9 /* en */ = {isa = PBXFileReference; lastKnownFileType = text.rtf; name = en; path = en.lproj/Credits.rtf; sourceTree = "<group>"; };
		2480FA87191EC961002158C9 /* AppDelegate.h */ = {isa = PBXFileReference; lastKnownFileType = sourcecode.c.h; path = AppDelegate.h; sourceTree = "<group>"; };
		2480FA88191EC961002158C9 /* AppDelegate.m */ = {isa = PBXFileReference; lastKnownFileType = sourcecode.c.objc; path = AppDelegate.m; sourceTree = "<group>"; };
		2480FA8B191EC961002158C9 /* Base */ = {isa = PBXFileReference; lastKnownFileType = file.xib; name = Base; path = Base.lproj/MainMenu.xib; sourceTree = "<group>"; };
		2480FA8D191EC961002158C9 /* Images.xcassets */ = {isa = PBXFileReference; lastKnownFileType = folder.assetcatalog; path = Images.xcassets; sourceTree = "<group>"; };
		2480FA93191EC961002158C9 /* DSSparseArrayTests.xctest */ = {isa = PBXFileReference; explicitFileType = wrapper.cfbundle; includeInIndex = 0; path = DSSparseArrayTests.xctest; sourceTree = BUILT_PRODUCTS_DIR; };
		2480FA94191EC961002158C9 /* XCTest.framework */ = {isa = PBXFileReference; lastKnownFileType = wrapper.framework; name = XCTest.framework; path = Library/Frameworks/XCTest.framework; sourceTree = DEVELOPER_DIR; };
		2480FA9B191EC961002158C9 /* DSSparseArrayTests-Info.plist */ = {isa = PBXFileReference; lastKnownFileType = text.plist.xml; path = "DSSparseArrayTests-Info.plist"; sourceTree = "<group>"; };
		2480FA9D191EC961002158C9 /* en */ = {isa = PBXFileReference; lastKnownFileType = text.plist.strings; name = en; path = en.lproj/InfoPlist.strings; sourceTree = "<group>"; };
		2480FA9F191EC961002158C9 /* DSSparseArrayTests.m */ = {isa = PBXFileReference; lastKnownFileType = sourcecode.c.objc; path = DSSparseArrayTests.m; sourceTree = "<group>"; };
		2480FAA9191EC9CB002158C9 /* DSSparseArray.h */ = {isa = PBXFileReference; fileEncoding = 4; lastKnownFileType = sourcecode.c.h; path = DSSparseArray.h; sourceTree = "<group>"; };
		2480FAAA191EC9CB002158C9 /* DSSparseArray.m */ = {isa = PBXFileReference; fileEncoding = 4; lastKnownFileType = sourcecode.c.objc; path = DSSparseArray.m; sourceTree = "<group>"; };
		24B2218C192B66F800AC6826 /* DSSparseArrayEnumerator.h */ = {isa = PBXFileReference; fileEncoding = 4; lastKnownFileType = sourcecode.c.h; path = DSSparseArrayEnumerator.h; sourceTree = "<group>"; };
		24B2218D192B66F800AC6826 /* DSSparseArrayEnumerator.m */ = {isa = PBXFileReference; fileEncoding = 4; lastKnownFileType = sourcecode.c.objc; path = DSSparseArrayEnumerator.m; sourceTree = "<group>"; };
/* End PBXFileReference section */

/* Begin PBXFrameworksBuildPhase section */
		2480FA6F191EC960002158C9 /* Frameworks */ = {
			isa = PBXFrameworksBuildPhase;
			buildActionMask = 2147483647;
			files = (
				2480FA76191EC961002158C9 /* Cocoa.framework in Frameworks */,
			);
			runOnlyForDeploymentPostprocessing = 0;
		};
		2480FA90191EC961002158C9 /* Frameworks */ = {
			isa = PBXFrameworksBuildPhase;
			buildActionMask = 2147483647;
			files = (
				2480FA96191EC961002158C9 /* Cocoa.framework in Frameworks */,
				2480FA95191EC961002158C9 /* XCTest.framework in Frameworks */,
			);
			runOnlyForDeploymentPostprocessing = 0;
		};
/* End PBXFrameworksBuildPhase section */

/* Begin PBXGroup section */
		2480FA69191EC960002158C9 = {
			isa = PBXGroup;
			children = (
				24191A7D1931134400F389CB /* README.md */,
				2453F55D192867DD009AA13F /* DSSparseArray.md */,
				2453F55F1929ADFB009AA13F /* DSMutableSparseArray.md */,
				2480FAA9191EC9CB002158C9 /* DSSparseArray.h */,
				2480FAAA191EC9CB002158C9 /* DSSparseArray.m */,
				24B2218C192B66F800AC6826 /* DSSparseArrayEnumerator.h */,
				24B2218D192B66F800AC6826 /* DSSparseArrayEnumerator.m */,
				2480FA7B191EC961002158C9 /* DSSparseArray */,
				2480FA99191EC961002158C9 /* DSSparseArrayTests */,
				2480FA74191EC961002158C9 /* Frameworks */,
				2480FA73191EC961002158C9 /* Products */,
			);
			sourceTree = "<group>";
		};
		2480FA73191EC961002158C9 /* Products */ = {
			isa = PBXGroup;
			children = (
				2480FA72191EC961002158C9 /* DSSparseArray.app */,
				2480FA93191EC961002158C9 /* DSSparseArrayTests.xctest */,
			);
			name = Products;
			sourceTree = "<group>";
		};
		2480FA74191EC961002158C9 /* Frameworks */ = {
			isa = PBXGroup;
			children = (
				2480FA75191EC961002158C9 /* Cocoa.framework */,
				2480FA94191EC961002158C9 /* XCTest.framework */,
				2480FA77191EC961002158C9 /* Other Frameworks */,
			);
			name = Frameworks;
			sourceTree = "<group>";
		};
		2480FA77191EC961002158C9 /* Other Frameworks */ = {
			isa = PBXGroup;
			children = (
				2480FA78191EC961002158C9 /* AppKit.framework */,
				2480FA79191EC961002158C9 /* CoreData.framework */,
				2480FA7A191EC961002158C9 /* Foundation.framework */,
			);
			name = "Other Frameworks";
			sourceTree = "<group>";
		};
		2480FA7B191EC961002158C9 /* DSSparseArray */ = {
			isa = PBXGroup;
			children = (
				2480FA87191EC961002158C9 /* AppDelegate.h */,
				2480FA88191EC961002158C9 /* AppDelegate.m */,
				2480FA8A191EC961002158C9 /* MainMenu.xib */,
				2480FA8D191EC961002158C9 /* Images.xcassets */,
				2480FA7C191EC961002158C9 /* Supporting Files */,
			);
			path = DSSparseArray;
			sourceTree = "<group>";
		};
		2480FA7C191EC961002158C9 /* Supporting Files */ = {
			isa = PBXGroup;
			children = (
				2480FA7D191EC961002158C9 /* DSSparseArray-Info.plist */,
				2480FA7E191EC961002158C9 /* InfoPlist.strings */,
				2480FA81191EC961002158C9 /* main.m */,
				2480FA83191EC961002158C9 /* DSSparseArray-Prefix.pch */,
				2480FA84191EC961002158C9 /* Credits.rtf */,
			);
			name = "Supporting Files";
			sourceTree = "<group>";
		};
		2480FA99191EC961002158C9 /* DSSparseArrayTests */ = {
			isa = PBXGroup;
			children = (
				2480FA9F191EC961002158C9 /* DSSparseArrayTests.m */,
				2480FA9A191EC961002158C9 /* Supporting Files */,
			);
			path = DSSparseArrayTests;
			sourceTree = "<group>";
		};
		2480FA9A191EC961002158C9 /* Supporting Files */ = {
			isa = PBXGroup;
			children = (
				2480FA9B191EC961002158C9 /* DSSparseArrayTests-Info.plist */,
				2480FA9C191EC961002158C9 /* InfoPlist.strings */,
			);
			name = "Supporting Files";
			sourceTree = "<group>";
		};
/* End PBXGroup section */

/* Begin PBXNativeTarget section */
		2480FA71191EC960002158C9 /* DSSparseArray */ = {
			isa = PBXNativeTarget;
			buildConfigurationList = 2480FAA3191EC961002158C9 /* Build configuration list for PBXNativeTarget "DSSparseArray" */;
			buildPhases = (
				2480FA6E191EC960002158C9 /* Sources */,
				2480FA6F191EC960002158C9 /* Frameworks */,
				2480FA70191EC960002158C9 /* Resources */,
			);
			buildRules = (
			);
			dependencies = (
			);
			name = DSSparseArray;
			productName = DSSparseArray;
			productReference = 2480FA72191EC961002158C9 /* DSSparseArray.app */;
			productType = "com.apple.product-type.application";
		};
		2480FA92191EC961002158C9 /* DSSparseArrayTests */ = {
			isa = PBXNativeTarget;
			buildConfigurationList = 2480FAA6191EC961002158C9 /* Build configuration list for PBXNativeTarget "DSSparseArrayTests" */;
			buildPhases = (
				2480FA8F191EC961002158C9 /* Sources */,
				2480FA90191EC961002158C9 /* Frameworks */,
				2480FA91191EC961002158C9 /* Resources */,
			);
			buildRules = (
			);
			dependencies = (
				2480FA98191EC961002158C9 /* PBXTargetDependency */,
			);
			name = DSSparseArrayTests;
			productName = DSSparseArrayTests;
			productReference = 2480FA93191EC961002158C9 /* DSSparseArrayTests.xctest */;
			productType = "com.apple.product-type.bundle.unit-test";
		};
/* End PBXNativeTarget section */

/* Begin PBXProject section */
		2480FA6A191EC960002158C9 /* Project object */ = {
			isa = PBXProject;
			attributes = {
				LastUpgradeCheck = 0510;
				ORGANIZATIONNAME = Syntonicity;
				TargetAttributes = {
					2480FA92191EC961002158C9 = {
						TestTargetID = 2480FA71191EC960002158C9;
					};
				};
			};
			buildConfigurationList = 2480FA6D191EC960002158C9 /* Build configuration list for PBXProject "DSSparseArray" */;
			compatibilityVersion = "Xcode 3.2";
			developmentRegion = English;
			hasScannedForEncodings = 0;
			knownRegions = (
				en,
				Base,
			);
			mainGroup = 2480FA69191EC960002158C9;
			productRefGroup = 2480FA73191EC961002158C9 /* Products */;
			projectDirPath = "";
			projectRoot = "";
			targets = (
				2480FA71191EC960002158C9 /* DSSparseArray */,
				2480FA92191EC961002158C9 /* DSSparseArrayTests */,
			);
		};
/* End PBXProject section */

/* Begin PBXResourcesBuildPhase section */
		2480FA70191EC960002158C9 /* Resources */ = {
			isa = PBXResourcesBuildPhase;
			buildActionMask = 2147483647;
			files = (
				2480FA80191EC961002158C9 /* InfoPlist.strings in Resources */,
				2480FA8E191EC961002158C9 /* Images.xcassets in Resources */,
				2480FA86191EC961002158C9 /* Credits.rtf in Resources */,
				2480FA8C191EC961002158C9 /* MainMenu.xib in Resources */,
			);
			runOnlyForDeploymentPostprocessing = 0;
		};
		2480FA91191EC961002158C9 /* Resources */ = {
			isa = PBXResourcesBuildPhase;
			buildActionMask = 2147483647;
			files = (
				2480FA9E191EC961002158C9 /* InfoPlist.strings in Resources */,
			);
			runOnlyForDeploymentPostprocessing = 0;
		};
/* End PBXResourcesBuildPhase section */

/* Begin PBXSourcesBuildPhase section */
		2480FA6E191EC960002158C9 /* Sources */ = {
			isa = PBXSourcesBuildPhase;
			buildActionMask = 2147483647;
			files = (
				2480FA89191EC961002158C9 /* AppDelegate.m in Sources */,
				2480FAAB191EC9CB002158C9 /* DSSparseArray.m in Sources */,
				24B2218E192B66F800AC6826 /* DSSparseArrayEnumerator.m in Sources */,
				2480FA82191EC961002158C9 /* main.m in Sources */,
			);
			runOnlyForDeploymentPostprocessing = 0;
		};
		2480FA8F191EC961002158C9 /* Sources */ = {
			isa = PBXSourcesBuildPhase;
			buildActionMask = 2147483647;
			files = (
				2480FAA0191EC961002158C9 /* DSSparseArrayTests.m in Sources */,
			);
			runOnlyForDeploymentPostprocessing = 0;
		};
/* End PBXSourcesBuildPhase section */

/* Begin PBXTargetDependency section */
		2480FA98191EC961002158C9 /* PBXTargetDependency */ = {
			isa = PBXTargetDependency;
			target = 2480FA71191EC960002158C9 /* DSSparseArray */;
			targetProxy = 2480FA97191EC961002158C9 /* PBXContainerItemProxy */;
		};
/* End PBXTargetDependency section */

/* Begin PBXVariantGroup section */
		2480FA7E191EC961002158C9 /* InfoPlist.strings */ = {
			isa = PBXVariantGroup;
			children = (
				2480FA7F191EC961002158C9 /* en */,
			);
			name = InfoPlist.strings;
			sourceTree = "<group>";
		};
		2480FA84191EC961002158C9 /* Credits.rtf */ = {
			isa = PBXVariantGroup;
			children = (
				2480FA85191EC961002158C9 /* en */,
			);
			name = Credits.rtf;
			sourceTree = "<group>";
		};
		2480FA8A191EC961002158C9 /* MainMenu.xib */ = {
			isa = PBXVariantGroup;
			children = (
				2480FA8B191EC961002158C9 /* Base */,
			);
			name = MainMenu.xib;
			sourceTree = "<group>";
		};
		2480FA9C191EC961002158C9 /* InfoPlist.strings */ = {
			isa = PBXVariantGroup;
			children = (
				2480FA9D191EC961002158C9 /* en */,
			);
			name = InfoPlist.strings;
			sourceTree = "<group>";
		};
/* End PBXVariantGroup section */

/* Begin XCBuildConfiguration section */
		2480FAA1191EC961002158C9 /* Debug */ = {
			isa = XCBuildConfiguration;
			buildSettings = {
				ALWAYS_SEARCH_USER_PATHS = NO;
				CLANG_CXX_LANGUAGE_STANDARD = "gnu++0x";
				CLANG_CXX_LIBRARY = "libc++";
				CLANG_ENABLE_MODULES = YES;
				CLANG_ENABLE_OBJC_ARC = YES;
				CLANG_WARN_BOOL_CONVERSION = YES;
				CLANG_WARN_CONSTANT_CONVERSION = YES;
				CLANG_WARN_DIRECT_OBJC_ISA_USAGE = YES_ERROR;
				CLANG_WARN_EMPTY_BODY = YES;
				CLANG_WARN_ENUM_CONVERSION = YES;
				CLANG_WARN_INT_CONVERSION = YES;
				CLANG_WARN_OBJC_ROOT_CLASS = YES_ERROR;
				CLANG_WARN__DUPLICATE_METHOD_MATCH = YES;
				COPY_PHASE_STRIP = NO;
				GCC_C_LANGUAGE_STANDARD = gnu99;
				GCC_DYNAMIC_NO_PIC = NO;
				GCC_ENABLE_OBJC_EXCEPTIONS = YES;
				GCC_OPTIMIZATION_LEVEL = 0;
				GCC_PREPROCESSOR_DEFINITIONS = (
					"DEBUG=1",
					"$(inherited)",
				);
				GCC_SYMBOLS_PRIVATE_EXTERN = NO;
				GCC_WARN_64_TO_32_BIT_CONVERSION = YES;
				GCC_WARN_ABOUT_RETURN_TYPE = YES_ERROR;
				GCC_WARN_UNDECLARED_SELECTOR = YES;
				GCC_WARN_UNINITIALIZED_AUTOS = YES_AGGRESSIVE;
				GCC_WARN_UNUSED_FUNCTION = YES;
				GCC_WARN_UNUSED_VARIABLE = YES;
				MACOSX_DEPLOYMENT_TARGET = 10.8;
				ONLY_ACTIVE_ARCH = YES;
				SDKROOT = macosx;
			};
			name = Debug;
		};
		2480FAA2191EC961002158C9 /* Release */ = {
			isa = XCBuildConfiguration;
			buildSettings = {
				ALWAYS_SEARCH_USER_PATHS = NO;
				CLANG_CXX_LANGUAGE_STANDARD = "gnu++0x";
				CLANG_CXX_LIBRARY = "libc++";
				CLANG_ENABLE_MODULES = YES;
				CLANG_ENABLE_OBJC_ARC = YES;
				CLANG_WARN_BOOL_CONVERSION = YES;
				CLANG_WARN_CONSTANT_CONVERSION = YES;
				CLANG_WARN_DIRECT_OBJC_ISA_USAGE = YES_ERROR;
				CLANG_WARN_EMPTY_BODY = YES;
				CLANG_WARN_ENUM_CONVERSION = YES;
				CLANG_WARN_INT_CONVERSION = YES;
				CLANG_WARN_OBJC_ROOT_CLASS = YES_ERROR;
				CLANG_WARN__DUPLICATE_METHOD_MATCH = YES;
				COPY_PHASE_STRIP = YES;
				DEBUG_INFORMATION_FORMAT = "dwarf-with-dsym";
				ENABLE_NS_ASSERTIONS = NO;
				GCC_C_LANGUAGE_STANDARD = gnu99;
				GCC_ENABLE_OBJC_EXCEPTIONS = YES;
				GCC_WARN_64_TO_32_BIT_CONVERSION = YES;
				GCC_WARN_ABOUT_RETURN_TYPE = YES_ERROR;
				GCC_WARN_UNDECLARED_SELECTOR = YES;
				GCC_WARN_UNINITIALIZED_AUTOS = YES_AGGRESSIVE;
				GCC_WARN_UNUSED_FUNCTION = YES;
				GCC_WARN_UNUSED_VARIABLE = YES;
				MACOSX_DEPLOYMENT_TARGET = 10.8;
				SDKROOT = macosx;
			};
			name = Release;
		};
		2480FAA4191EC961002158C9 /* Debug */ = {
			isa = XCBuildConfiguration;
			buildSettings = {
				ASSETCATALOG_COMPILER_APPICON_NAME = AppIcon;
				COMBINE_HIDPI_IMAGES = YES;
				GCC_PRECOMPILE_PREFIX_HEADER = YES;
				GCC_PREFIX_HEADER = "DSSparseArray/DSSparseArray-Prefix.pch";
				INFOPLIST_FILE = "DSSparseArray/DSSparseArray-Info.plist";
				PRODUCT_NAME = "$(TARGET_NAME)";
				WRAPPER_EXTENSION = app;
			};
			name = Debug;
		};
		2480FAA5191EC961002158C9 /* Release */ = {
			isa = XCBuildConfiguration;
			buildSettings = {
				ASSETCATALOG_COMPILER_APPICON_NAME = AppIcon;
				COMBINE_HIDPI_IMAGES = YES;
				GCC_PRECOMPILE_PREFIX_HEADER = YES;
				GCC_PREFIX_HEADER = "DSSparseArray/DSSparseArray-Prefix.pch";
				INFOPLIST_FILE = "DSSparseArray/DSSparseArray-Info.plist";
				PRODUCT_NAME = "$(TARGET_NAME)";
				WRAPPER_EXTENSION = app;
			};
			name = Release;
		};
		2480FAA7191EC961002158C9 /* Debug */ = {
			isa = XCBuildConfiguration;
			buildSettings = {
				BUNDLE_LOADER = "$(BUILT_PRODUCTS_DIR)/DSSparseArray.app/Contents/MacOS/DSSparseArray";
				COMBINE_HIDPI_IMAGES = YES;
				FRAMEWORK_SEARCH_PATHS = (
					"$(DEVELOPER_FRAMEWORKS_DIR)",
					"$(inherited)",
				);
				GCC_PRECOMPILE_PREFIX_HEADER = YES;
				GCC_PREFIX_HEADER = "DSSparseArray/DSSparseArray-Prefix.pch";
				GCC_PREPROCESSOR_DEFINITIONS = (
					"DEBUG=1",
					"$(inherited)",
				);
				INFOPLIST_FILE = "DSSparseArrayTests/DSSparseArrayTests-Info.plist";
				PRODUCT_NAME = "$(TARGET_NAME)";
				TEST_HOST = "$(BUNDLE_LOADER)";
				WRAPPER_EXTENSION = xctest;
			};
			name = Debug;
		};
		2480FAA8191EC961002158C9 /* Release */ = {
			isa = XCBuildConfiguration;
			buildSettings = {
				BUNDLE_LOADER = "$(BUILT_PRODUCTS_DIR)/DSSparseArray.app/Contents/MacOS/DSSparseArray";
				COMBINE_HIDPI_IMAGES = YES;
				FRAMEWORK_SEARCH_PATHS = (
					"$(DEVELOPER_FRAMEWORKS_DIR)",
					"$(inherited)",
				);
				GCC_PRECOMPILE_PREFIX_HEADER = YES;
				GCC_PREFIX_HEADER = "DSSparseArray/DSSparseArray-Prefix.pch";
				INFOPLIST_FILE = "DSSparseArrayTests/DSSparseArrayTests-Info.plist";
				PRODUCT_NAME = "$(TARGET_NAME)";
				TEST_HOST = "$(BUNDLE_LOADER)";
				WRAPPER_EXTENSION = xctest;
			};
			name = Release;
		};
/* End XCBuildConfiguration section */

/* Begin XCConfigurationList section */
		2480FA6D191EC960002158C9 /* Build configuration list for PBXProject "DSSparseArray" */ = {
			isa = XCConfigurationList;
			buildConfigurations = (
				2480FAA1191EC961002158C9 /* Debug */,
				2480FAA2191EC961002158C9 /* Release */,
			);
			defaultConfigurationIsVisible = 0;
			defaultConfigurationName = Release;
		};
		2480FAA3191EC961002158C9 /* Build configuration list for PBXNativeTarget "DSSparseArray" */ = {
			isa = XCConfigurationList;
			buildConfigurations = (
				2480FAA4191EC961002158C9 /* Debug */,
				2480FAA5191EC961002158C9 /* Release */,
			);
			defaultConfigurationIsVisible = 0;
			defaultConfigurationName = Release;
		};
		2480FAA6191EC961002158C9 /* Build configuration list for PBXNativeTarget "DSSparseArrayTests" */ = {
			isa = XCConfigurationList;
			buildConfigurations = (
				2480FAA7191EC961002158C9 /* Debug */,
				2480FAA8191EC961002158C9 /* Release */,
			);
			defaultConfigurationIsVisible = 0;
			defaultConfigurationName = Release;
		};
/* End XCConfigurationList section */
	};
	rootObject = 2480FA6A191EC960002158C9 /* Project object */;
}
